
Microsoft Visual Studio Solution File, Format Version 12.00
# Visual Studio 14
VisualStudioVersion = 14.0.25420.1
MinimumVisualStudioVersion = 10.0.40219.1
Project("{FAE04EC0-301F-11D3-BF4B-00C04F79EFBC}") = "Ex09Tue_wpf3", "Ex09Tue_wpf3\Ex09Tue_wpf3.csproj", "{79A0C7B6-4E18-4FC8-B33A-34ED1C782A22}"
EndProject
Global
	GlobalSection(SolutionConfigurationPlatforms) = preSolution
		Debug|Any CPU = Debug|Any CPU
		Release|Any CPU = Release|Any CPU
	EndGlobalSection
	GlobalSection(ProjectConfigurationPlatforms) = postSolution
		{79A0C7B6-4E18-4FC8-B33A-34ED1C782A22}.Debug|Any CPU.ActiveCfg = Debug|Any CPU
		{79A0C7B6-4E18-4FC8-B33A-34ED1C782A22}.Debug|Any CPU.Build.0 = Debug|Any CPU
		{79A0C7B6-4E18-4FC8-B33A-34ED1C782A22}.Release|Any CPU.ActiveCfg = Release|Any CPU
		{79A0C7B6-4E18-4FC8-B33A-34ED1C782A22}.Release|Any CPU.Build.0 = Release|Any CPU
	EndGlobalSection
	GlobalSection(SolutionProperties) = preSolution
		HideSolutionNode = FALSE
	EndGlobalSection
EndGlobal
